
Microsoft Visual Studio Solution File, Format Version 12.00
# Visual Studio Version 16
VisualStudioVersion = 16.0.29728.190
MinimumVisualStudioVersion = 10.0.40219.1
Project("{2150E333-8FDC-42A3-9474-1A3956D46DE8}") = "Shared", "Shared", "{F12D6062-0B23-492D-BAFD-6AFB32D3890F}"
EndProject
Project("{2150E333-8FDC-42A3-9474-1A3956D46DE8}") = "Services", "Services", "{79D5E716-04D2-4B13-A7CC-AB17E3BB4A2B}"
EndProject
Project("{2150E333-8FDC-42A3-9474-1A3956D46DE8}") = "Infrastructure", "Infrastructure", "{D9704AB5-ED27-4CC8-A65D-DF913A5F7533}"
EndProject
Project("{9A19103F-16F7-4668-BE54-9A1E7A4F7556}") = "Api.Userhub", "Services\Api.Userhub\Api.Userhub.csproj", "{A8CB36EC-6DEE-47B9-8EC8-8851ECB3683F}"
EndProject
Project("{2150E333-8FDC-42A3-9474-1A3956D46DE8}") = "Userhub", "Userhub", "{B2CFDD07-E48B-4059-85DC-35A621D6C75C}"
EndProject
Project("{2150E333-8FDC-42A3-9474-1A3956D46DE8}") = "MusicStore", "MusicStore", "{9CE259D5-4456-495A-8BA1-59FD80684E40}"
EndProject
Project("{9A19103F-16F7-4668-BE54-9A1E7A4F7556}") = "Api.Shared", "Shared\Api.Shared\Api.Shared.csproj", "{FFE465BE-759E-4A8C-A96A-C0F6D77AF5E2}"
EndProject
Project("{9A19103F-16F7-4668-BE54-9A1E7A4F7556}") = "Data.Shared", "Shared\Data.Shared\Data.Shared.csproj", "{EE89C1FA-34F4-4C8A-A95B-CD7BD49C9BE3}"
EndProject
Project("{9A19103F-16F7-4668-BE54-9A1E7A4F7556}") = "EventBus.IntegrationEvents", "Infrastructure\EventBus.IntegrationEvents\EventBus.IntegrationEvents.csproj", "{87BCF8EC-75F1-4DE3-93B1-ACDA0DFE366E}"
EndProject
Project("{9A19103F-16F7-4668-BE54-9A1E7A4F7556}") = "EventBus", "Infrastructure\EventBus\EventBus.csproj", "{7D00A673-1F99-4E15-B922-5DE0D2EE1537}"
EndProject
Project("{9A19103F-16F7-4668-BE54-9A1E7A4F7556}") = "EventBus.RabbitMQ", "Infrastructure\EventBus.RabbitMQ\EventBus.RabbitMQ.csproj", "{CF4FDC3F-6693-433D-89D2-C87625227C50}"
EndProject
Project("{9A19103F-16F7-4668-BE54-9A1E7A4F7556}") = "Data.Userhub", "Services\Data.Userhub\Data.Userhub.csproj", "{7570FD21-AE5F-4E14-A329-BA4A5E582669}"
EndProject
Project("{9A19103F-16F7-4668-BE54-9A1E7A4F7556}") = "Api.MusicStore", "Services\Api.MusicStore\Api.MusicStore.csproj", "{8E700465-1769-46C0-8505-0F15184EE730}"
EndProject
Project("{9A19103F-16F7-4668-BE54-9A1E7A4F7556}") = "Data.MusicStore", "Services\Data.MusicStore\Data.MusicStore.csproj", "{0B6D0EAE-0753-4538-A915-3AB2F0D9D197}"
EndProject
Project("{9A19103F-16F7-4668-BE54-9A1E7A4F7556}") = "MusicStore.UnitTests", "Services\MusicStore.UnitTests\MusicStore.UnitTests.csproj", "{79CCFF39-ACD9-481E-8F31-616691ED6FF5}"
EndProject
Project("{2150E333-8FDC-42A3-9474-1A3956D46DE8}") = "BookMark", "BookMark", "{2F102F34-E2D4-407F-9305-AA412C9055CC}"
EndProject
Project("{9A19103F-16F7-4668-BE54-9A1E7A4F7556}") = "Api.BookMark", "Services\Api.BookMark\Api.BookMark.csproj", "{3BBBF27A-8D3F-408B-BB49-11B6656EDDCE}"
EndProject
Project("{9A19103F-16F7-4668-BE54-9A1E7A4F7556}") = "Data.BookMark", "Services\Data.BookMark\Data.BookMark.csproj", "{56B1AA56-1BE3-4D70-A7E3-FB57E7DD10AB}"
EndProject
Project("{FAE04EC0-301F-11D3-BF4B-00C04F79EFBC}") = "Api.Gateway", "Api.Gateway\Api.Gateway.csproj", "{653F2BB0-656B-4DBF-A1CF-97E3C8E9DBF0}"
EndProject
Project("{2150E333-8FDC-42A3-9474-1A3956D46DE8}") = "Solution Items", "Solution Items", "{05B41749-46E0-42FA-8D87-52ACD17AB94F}"
	ProjectSection(SolutionItems) = preProject
		common.env = common.env
		docker-compose.yml = docker-compose.yml
	EndProjectSection
EndProject
Global
	GlobalSection(SolutionConfigurationPlatforms) = preSolution
		Debug|Any CPU = Debug|Any CPU
		Release|Any CPU = Release|Any CPU
	EndGlobalSection
	GlobalSection(ProjectConfigurationPlatforms) = postSolution
		{A8CB36EC-6DEE-47B9-8EC8-8851ECB3683F}.Debug|Any CPU.ActiveCfg = Debug|Any CPU
		{A8CB36EC-6DEE-47B9-8EC8-8851ECB3683F}.Debug|Any CPU.Build.0 = Debug|Any CPU
		{A8CB36EC-6DEE-47B9-8EC8-8851ECB3683F}.Release|Any CPU.ActiveCfg = Release|Any CPU
		{A8CB36EC-6DEE-47B9-8EC8-8851ECB3683F}.Release|Any CPU.Build.0 = Release|Any CPU
		{FFE465BE-759E-4A8C-A96A-C0F6D77AF5E2}.Debug|Any CPU.ActiveCfg = Debug|Any CPU
		{FFE465BE-759E-4A8C-A96A-C0F6D77AF5E2}.Debug|Any CPU.Build.0 = Debug|Any CPU
		{FFE465BE-759E-4A8C-A96A-C0F6D77AF5E2}.Release|Any CPU.ActiveCfg = Release|Any CPU
		{FFE465BE-759E-4A8C-A96A-C0F6D77AF5E2}.Release|Any CPU.Build.0 = Release|Any CPU
		{EE89C1FA-34F4-4C8A-A95B-CD7BD49C9BE3}.Debug|Any CPU.ActiveCfg = Debug|Any CPU
		{EE89C1FA-34F4-4C8A-A95B-CD7BD49C9BE3}.Debug|Any CPU.Build.0 = Debug|Any CPU
		{EE89C1FA-34F4-4C8A-A95B-CD7BD49C9BE3}.Release|Any CPU.ActiveCfg = Release|Any CPU
		{EE89C1FA-34F4-4C8A-A95B-CD7BD49C9BE3}.Release|Any CPU.Build.0 = Release|Any CPU
		{87BCF8EC-75F1-4DE3-93B1-ACDA0DFE366E}.Debug|Any CPU.ActiveCfg = Debug|Any CPU
		{87BCF8EC-75F1-4DE3-93B1-ACDA0DFE366E}.Debug|Any CPU.Build.0 = Debug|Any CPU
		{87BCF8EC-75F1-4DE3-93B1-ACDA0DFE366E}.Release|Any CPU.ActiveCfg = Release|Any CPU
		{87BCF8EC-75F1-4DE3-93B1-ACDA0DFE366E}.Release|Any CPU.Build.0 = Release|Any CPU
		{7D00A673-1F99-4E15-B922-5DE0D2EE1537}.Debug|Any CPU.ActiveCfg = Debug|Any CPU
		{7D00A673-1F99-4E15-B922-5DE0D2EE1537}.Debug|Any CPU.Build.0 = Debug|Any CPU
		{7D00A673-1F99-4E15-B922-5DE0D2EE1537}.Release|Any CPU.ActiveCfg = Release|Any CPU
		{7D00A673-1F99-4E15-B922-5DE0D2EE1537}.Release|Any CPU.Build.0 = Release|Any CPU
		{CF4FDC3F-6693-433D-89D2-C87625227C50}.Debug|Any CPU.ActiveCfg = Debug|Any CPU
		{CF4FDC3F-6693-433D-89D2-C87625227C50}.Debug|Any CPU.Build.0 = Debug|Any CPU
		{CF4FDC3F-6693-433D-89D2-C87625227C50}.Release|Any CPU.ActiveCfg = Release|Any CPU
		{CF4FDC3F-6693-433D-89D2-C87625227C50}.Release|Any CPU.Build.0 = Release|Any CPU
		{7570FD21-AE5F-4E14-A329-BA4A5E582669}.Debug|Any CPU.ActiveCfg = Debug|Any CPU
		{7570FD21-AE5F-4E14-A329-BA4A5E582669}.Debug|Any CPU.Build.0 = Debug|Any CPU
		{7570FD21-AE5F-4E14-A329-BA4A5E582669}.Release|Any CPU.ActiveCfg = Release|Any CPU
		{7570FD21-AE5F-4E14-A329-BA4A5E582669}.Release|Any CPU.Build.0 = Release|Any CPU
		{8E700465-1769-46C0-8505-0F15184EE730}.Debug|Any CPU.ActiveCfg = Debug|Any CPU
		{8E700465-1769-46C0-8505-0F15184EE730}.Debug|Any CPU.Build.0 = Debug|Any CPU
		{8E700465-1769-46C0-8505-0F15184EE730}.Release|Any CPU.ActiveCfg = Release|Any CPU
		{8E700465-1769-46C0-8505-0F15184EE730}.Release|Any CPU.Build.0 = Release|Any CPU
		{0B6D0EAE-0753-4538-A915-3AB2F0D9D197}.Debug|Any CPU.ActiveCfg = Debug|Any CPU
		{0B6D0EAE-0753-4538-A915-3AB2F0D9D197}.Debug|Any CPU.Build.0 = Debug|Any CPU
		{0B6D0EAE-0753-4538-A915-3AB2F0D9D197}.Release|Any CPU.ActiveCfg = Release|Any CPU
		{0B6D0EAE-0753-4538-A915-3AB2F0D9D197}.Release|Any CPU.Build.0 = Release|Any CPU
		{79CCFF39-ACD9-481E-8F31-616691ED6FF5}.Debug|Any CPU.ActiveCfg = Debug|Any CPU
		{79CCFF39-ACD9-481E-8F31-616691ED6FF5}.Debug|Any CPU.Build.0 = Debug|Any CPU
		{79CCFF39-ACD9-481E-8F31-616691ED6FF5}.Release|Any CPU.ActiveCfg = Release|Any CPU
		{79CCFF39-ACD9-481E-8F31-616691ED6FF5}.Release|Any CPU.Build.0 = Release|Any CPU
		{3BBBF27A-8D3F-408B-BB49-11B6656EDDCE}.Debug|Any CPU.ActiveCfg = Debug|Any CPU
		{3BBBF27A-8D3F-408B-BB49-11B6656EDDCE}.Debug|Any CPU.Build.0 = Debug|Any CPU
		{3BBBF27A-8D3F-408B-BB49-11B6656EDDCE}.Release|Any CPU.ActiveCfg = Release|Any CPU
		{3BBBF27A-8D3F-408B-BB49-11B6656EDDCE}.Release|Any CPU.Build.0 = Release|Any CPU
		{56B1AA56-1BE3-4D70-A7E3-FB57E7DD10AB}.Debug|Any CPU.ActiveCfg = Debug|Any CPU
		{56B1AA56-1BE3-4D70-A7E3-FB57E7DD10AB}.Debug|Any CPU.Build.0 = Debug|Any CPU
		{56B1AA56-1BE3-4D70-A7E3-FB57E7DD10AB}.Release|Any CPU.ActiveCfg = Release|Any CPU
		{56B1AA56-1BE3-4D70-A7E3-FB57E7DD10AB}.Release|Any CPU.Build.0 = Release|Any CPU
		{653F2BB0-656B-4DBF-A1CF-97E3C8E9DBF0}.Debug|Any CPU.ActiveCfg = Debug|Any CPU
		{653F2BB0-656B-4DBF-A1CF-97E3C8E9DBF0}.Debug|Any CPU.Build.0 = Debug|Any CPU
		{653F2BB0-656B-4DBF-A1CF-97E3C8E9DBF0}.Release|Any CPU.ActiveCfg = Release|Any CPU
		{653F2BB0-656B-4DBF-A1CF-97E3C8E9DBF0}.Release|Any CPU.Build.0 = Release|Any CPU
	EndGlobalSection
	GlobalSection(SolutionProperties) = preSolution
		HideSolutionNode = FALSE
	EndGlobalSection
	GlobalSection(NestedProjects) = preSolution
		{A8CB36EC-6DEE-47B9-8EC8-8851ECB3683F} = {B2CFDD07-E48B-4059-85DC-35A621D6C75C}
		{B2CFDD07-E48B-4059-85DC-35A621D6C75C} = {79D5E716-04D2-4B13-A7CC-AB17E3BB4A2B}
		{9CE259D5-4456-495A-8BA1-59FD80684E40} = {79D5E716-04D2-4B13-A7CC-AB17E3BB4A2B}
		{FFE465BE-759E-4A8C-A96A-C0F6D77AF5E2} = {F12D6062-0B23-492D-BAFD-6AFB32D3890F}
		{EE89C1FA-34F4-4C8A-A95B-CD7BD49C9BE3} = {F12D6062-0B23-492D-BAFD-6AFB32D3890F}
		{87BCF8EC-75F1-4DE3-93B1-ACDA0DFE366E} = {D9704AB5-ED27-4CC8-A65D-DF913A5F7533}
		{7D00A673-1F99-4E15-B922-5DE0D2EE1537} = {D9704AB5-ED27-4CC8-A65D-DF913A5F7533}
		{CF4FDC3F-6693-433D-89D2-C87625227C50} = {D9704AB5-ED27-4CC8-A65D-DF913A5F7533}
		{7570FD21-AE5F-4E14-A329-BA4A5E582669} = {B2CFDD07-E48B-4059-85DC-35A621D6C75C}
		{8E700465-1769-46C0-8505-0F15184EE730} = {9CE259D5-4456-495A-8BA1-59FD80684E40}
		{0B6D0EAE-0753-4538-A915-3AB2F0D9D197} = {9CE259D5-4456-495A-8BA1-59FD80684E40}
		{79CCFF39-ACD9-481E-8F31-616691ED6FF5} = {9CE259D5-4456-495A-8BA1-59FD80684E40}
		{2F102F34-E2D4-407F-9305-AA412C9055CC} = {79D5E716-04D2-4B13-A7CC-AB17E3BB4A2B}
		{3BBBF27A-8D3F-408B-BB49-11B6656EDDCE} = {2F102F34-E2D4-407F-9305-AA412C9055CC}
		{56B1AA56-1BE3-4D70-A7E3-FB57E7DD10AB} = {2F102F34-E2D4-407F-9305-AA412C9055CC}
		{653F2BB0-656B-4DBF-A1CF-97E3C8E9DBF0} = {79D5E716-04D2-4B13-A7CC-AB17E3BB4A2B}
	EndGlobalSection
	GlobalSection(ExtensibilityGlobals) = postSolution
		SolutionGuid = {CFC07B16-482C-4E86-A741-F1689AF9AC9B}
	EndGlobalSection
EndGlobal
